
Microsoft Visual Studio Solution File, Format Version 12.00
# Visual Studio Version 17
VisualStudioVersion = 17.4.33213.308
MinimumVisualStudioVersion = 10.0.40219.1
Project("{FAE04EC0-301F-11D3-BF4B-00C04F79EFBC}") = "Obstetrics-GynecologieClinicManagementSoftware", "Obstetrics-GynecologieClinicManagementSoftware\Obstetrics-GynecologieClinicManagementSoftware.csproj", "{A2A82D54-2D21-4EE8-9917-2EFBB524BA99}"
EndProject
Global
	GlobalSection(SolutionConfigurationPlatforms) = preSolution
		Debug|Any CPU = Debug|Any CPU
		Release|Any CPU = Release|Any CPU
	EndGlobalSection
	GlobalSection(ProjectConfigurationPlatforms) = postSolution
		{A2A82D54-2D21-4EE8-9917-2EFBB524BA99}.Debug|Any CPU.ActiveCfg = Debug|Any CPU
		{A2A82D54-2D21-4EE8-9917-2EFBB524BA99}.Debug|Any CPU.Build.0 = Debug|Any CPU
		{A2A82D54-2D21-4EE8-9917-2EFBB524BA99}.Release|Any CPU.ActiveCfg = Release|Any CPU
		{A2A82D54-2D21-4EE8-9917-2EFBB524BA99}.Release|Any CPU.Build.0 = Release|Any CPU
	EndGlobalSection
	GlobalSection(SolutionProperties) = preSolution
		HideSolutionNode = FALSE
	EndGlobalSection
	GlobalSection(ExtensibilityGlobals) = postSolution
		SolutionGuid = {919864DC-C228-4D02-8127-9D572B5045D7}
	EndGlobalSection
EndGlobal
